// !$*UTF8*$!
{
	archiveVersion = 1;
	classes = {
	};
	objectVersion = 56;
	objects = {

/* Begin PBXBuildFile section */
		DE44795B2B89638A004A3E66 /* AppDelegate.swift in Sources */ = {isa = PBXBuildFile; fileRef = DE44795A2B89638A004A3E66 /* AppDelegate.swift */; };
		DE44795D2B89638A004A3E66 /* SceneDelegate.swift in Sources */ = {isa = PBXBuildFile; fileRef = DE44795C2B89638A004A3E66 /* SceneDelegate.swift */; };
		DE44795F2B89638A004A3E66 /* ViewController.swift in Sources */ = {isa = PBXBuildFile; fileRef = DE44795E2B89638A004A3E66 /* ViewController.swift */; };
		DE4479622B89638A004A3E66 /* Main.storyboard in Resources */ = {isa = PBXBuildFile; fileRef = DE4479602B89638A004A3E66 /* Main.storyboard */; };
		DE4479642B89638B004A3E66 /* Assets.xcassets in Resources */ = {isa = PBXBuildFile; fileRef = DE4479632B89638B004A3E66 /* Assets.xcassets */; };
		DE4479672B89638B004A3E66 /* LaunchScreen.storyboard in Resources */ = {isa = PBXBuildFile; fileRef = DE4479652B89638B004A3E66 /* LaunchScreen.storyboard */; };
		DE44796F2B897152004A3E66 /* TruexAdViewController.swift in Sources */ = {isa = PBXBuildFile; fileRef = DE44796E2B897152004A3E66 /* TruexAdViewController.swift */; };
		DE4479712B897761004A3E66 /* adLoader.html in Resources */ = {isa = PBXBuildFile; fileRef = DE4479702B897761004A3E66 /* adLoader.html */; };
		DE4479732B897DC2004A3E66 /* ClickthroughViewController.swift in Sources */ = {isa = PBXBuildFile; fileRef = DE4479722B897DC2004A3E66 /* ClickthroughViewController.swift */; };
/* End PBXBuildFile section */

/* Begin PBXFileReference section */
		DE4479572B89638A004A3E66 /* JSAPIReferenceApp-iOS.app */ = {isa = PBXFileReference; explicitFileType = wrapper.application; includeInIndex = 0; path = "JSAPIReferenceApp-iOS.app"; sourceTree = BUILT_PRODUCTS_DIR; };
		DE44795A2B89638A004A3E66 /* AppDelegate.swift */ = {isa = PBXFileReference; lastKnownFileType = sourcecode.swift; path = AppDelegate.swift; sourceTree = "<group>"; };
		DE44795C2B89638A004A3E66 /* SceneDelegate.swift */ = {isa = PBXFileReference; lastKnownFileType = sourcecode.swift; path = SceneDelegate.swift; sourceTree = "<group>"; };
		DE44795E2B89638A004A3E66 /* ViewController.swift */ = {isa = PBXFileReference; lastKnownFileType = sourcecode.swift; path = ViewController.swift; sourceTree = "<group>"; };
		DE4479612B89638A004A3E66 /* Base */ = {isa = PBXFileReference; lastKnownFileType = file.storyboard; name = Base; path = Base.lproj/Main.storyboard; sourceTree = "<group>"; };
		DE4479632B89638B004A3E66 /* Assets.xcassets */ = {isa = PBXFileReference; lastKnownFileType = folder.assetcatalog; path = Assets.xcassets; sourceTree = "<group>"; };
		DE4479662B89638B004A3E66 /* Base */ = {isa = PBXFileReference; lastKnownFileType = file.storyboard; name = Base; path = Base.lproj/LaunchScreen.storyboard; sourceTree = "<group>"; };
		DE4479682B89638B004A3E66 /* Info.plist */ = {isa = PBXFileReference; lastKnownFileType = text.plist.xml; path = Info.plist; sourceTree = "<group>"; };
		DE44796E2B897152004A3E66 /* TruexAdViewController.swift */ = {isa = PBXFileReference; lastKnownFileType = sourcecode.swift; path = TruexAdViewController.swift; sourceTree = "<group>"; };
		DE4479702B897761004A3E66 /* adLoader.html */ = {isa = PBXFileReference; fileEncoding = 4; lastKnownFileType = text.html; path = adLoader.html; sourceTree = "<group>"; };
		DE4479722B897DC2004A3E66 /* ClickthroughViewController.swift */ = {isa = PBXFileReference; lastKnownFileType = sourcecode.swift; path = ClickthroughViewController.swift; sourceTree = "<group>"; };
/* End PBXFileReference section */

/* Begin PBXFrameworksBuildPhase section */
		DE4479542B89638A004A3E66 /* Frameworks */ = {
			isa = PBXFrameworksBuildPhase;
			buildActionMask = 2147483647;
			files = (
			);
			runOnlyForDeploymentPostprocessing = 0;
		};
/* End PBXFrameworksBuildPhase section */

/* Begin PBXGroup section */
		DE44794E2B89638A004A3E66 = {
			isa = PBXGroup;
			children = (
				DE4479592B89638A004A3E66 /* JSAPIReferenceApp-iOS */,
				DE4479582B89638A004A3E66 /* Products */,
			);
			sourceTree = "<group>";
		};
		DE4479582B89638A004A3E66 /* Products */ = {
			isa = PBXGroup;
			children = (
				DE4479572B89638A004A3E66 /* JSAPIReferenceApp-iOS.app */,
			);
			name = Products;
			sourceTree = "<group>";
		};
		DE4479592B89638A004A3E66 /* JSAPIReferenceApp-iOS */ = {
			isa = PBXGroup;
			children = (
				DE44795A2B89638A004A3E66 /* AppDelegate.swift */,
				DE44795C2B89638A004A3E66 /* SceneDelegate.swift */,
				DE44795E2B89638A004A3E66 /* ViewController.swift */,
				DE44796E2B897152004A3E66 /* TruexAdViewController.swift */,
				DE4479722B897DC2004A3E66 /* ClickthroughViewController.swift */,
				DE4479702B897761004A3E66 /* adLoader.html */,
				DE4479602B89638A004A3E66 /* Main.storyboard */,
				DE4479632B89638B004A3E66 /* Assets.xcassets */,
				DE4479652B89638B004A3E66 /* LaunchScreen.storyboard */,
				DE4479682B89638B004A3E66 /* Info.plist */,
			);
			path = "JSAPIReferenceApp-iOS";
			sourceTree = "<group>";
		};
/* End PBXGroup section */

/* Begin PBXNativeTarget section */
		DE4479562B89638A004A3E66 /* JSAPIReferenceApp-iOS */ = {
			isa = PBXNativeTarget;
			buildConfigurationList = DE44796B2B89638B004A3E66 /* Build configuration list for PBXNativeTarget "JSAPIReferenceApp-iOS" */;
			buildPhases = (
				DE4479532B89638A004A3E66 /* Sources */,
				DE4479542B89638A004A3E66 /* Frameworks */,
				DE4479552B89638A004A3E66 /* Resources */,
			);
			buildRules = (
			);
			dependencies = (
			);
			name = "JSAPIReferenceApp-iOS";
			productName = "JSAPIReferenceApp-iOS";
			productReference = DE4479572B89638A004A3E66 /* JSAPIReferenceApp-iOS.app */;
			productType = "com.apple.product-type.application";
		};
/* End PBXNativeTarget section */

/* Begin PBXProject section */
		DE44794F2B89638A004A3E66 /* Project object */ = {
			isa = PBXProject;
			attributes = {
				BuildIndependentTargetsInParallel = 1;
				LastSwiftUpdateCheck = 1430;
				LastUpgradeCheck = 1430;
				TargetAttributes = {
					DE4479562B89638A004A3E66 = {
						CreatedOnToolsVersion = 14.3.1;
					};
				};
			};
			buildConfigurationList = DE4479522B89638A004A3E66 /* Build configuration list for PBXProject "JSAPIReferenceApp-iOS" */;
			compatibilityVersion = "Xcode 14.0";
			developmentRegion = en;
			hasScannedForEncodings = 0;
			knownRegions = (
				en,
				Base,
			);
			mainGroup = DE44794E2B89638A004A3E66;
			productRefGroup = DE4479582B89638A004A3E66 /* Products */;
			projectDirPath = "";
			projectRoot = "";
			targets = (
				DE4479562B89638A004A3E66 /* JSAPIReferenceApp-iOS */,
			);
		};
/* End PBXProject section */

/* Begin PBXResourcesBuildPhase section */
		DE4479552B89638A004A3E66 /* Resources */ = {
			isa = PBXResourcesBuildPhase;
			buildActionMask = 2147483647;
			files = (
				DE4479672B89638B004A3E66 /* LaunchScreen.storyboard in Resources */,
				DE4479712B897761004A3E66 /* adLoader.html in Resources */,
				DE4479642B89638B004A3E66 /* Assets.xcassets in Resources */,
				DE4479622B89638A004A3E66 /* Main.storyboard in Resources */,
			);
			runOnlyForDeploymentPostprocessing = 0;
		};
/* End PBXResourcesBuildPhase section */

/* Begin PBXSourcesBuildPhase section */
		DE4479532B89638A004A3E66 /* Sources */ = {
			isa = PBXSourcesBuildPhase;
			buildActionMask = 2147483647;
			files = (
				DE44795F2B89638A004A3E66 /* ViewController.swift in Sources */,
				DE44795B2B89638A004A3E66 /* AppDelegate.swift in Sources */,
				DE44796F2B897152004A3E66 /* TruexAdViewController.swift in Sources */,
				DE4479732B897DC2004A3E66 /* ClickthroughViewController.swift in Sources */,
				DE44795D2B89638A004A3E66 /* SceneDelegate.swift in Sources */,
			);
			runOnlyForDeploymentPostprocessing = 0;
		};
/* End PBXSourcesBuildPhase section */

/* Begin PBXVariantGroup section */
		DE4479602B89638A004A3E66 /* Main.storyboard */ = {
			isa = PBXVariantGroup;
			children = (
				DE4479612B89638A004A3E66 /* Base */,
			);
			name = Main.storyboard;
			sourceTree = "<group>";
		};
		DE4479652B89638B004A3E66 /* LaunchScreen.storyboard */ = {
			isa = PBXVariantGroup;
			children = (
				DE4479662B89638B004A3E66 /* Base */,
			);
			name = LaunchScreen.storyboard;
			sourceTree = "<group>";
		};
/* End PBXVariantGroup section */

/* Begin XCBuildConfiguration section */
		DE4479692B89638B004A3E66 /* Debug */ = {
			isa = XCBuildConfiguration;
			buildSettings = {
				ALWAYS_SEARCH_USER_PATHS = NO;
				CLANG_ANALYZER_NONNULL = YES;
				CLANG_ANALYZER_NUMBER_OBJECT_CONVERSION = YES_AGGRESSIVE;
				CLANG_CXX_LANGUAGE_STANDARD = "gnu++20";
				CLANG_ENABLE_MODULES = YES;
				CLANG_ENABLE_OBJC_ARC = YES;
				CLANG_ENABLE_OBJC_WEAK = YES;
				CLANG_WARN_BLOCK_CAPTURE_AUTORELEASING = YES;
				CLANG_WARN_BOOL_CONVERSION = YES;
				CLANG_WARN_COMMA = YES;
				CLANG_WARN_CONSTANT_CONVERSION = YES;
				CLANG_WARN_DEPRECATED_OBJC_IMPLEMENTATIONS = YES;
				CLANG_WARN_DIRECT_OBJC_ISA_USAGE = YES_ERROR;
				CLANG_WARN_DOCUMENTATION_COMMENTS = YES;
				CLANG_WARN_EMPTY_BODY = YES;
				CLANG_WARN_ENUM_CONVERSION = YES;
				CLANG_WARN_INFINITE_RECURSION = YES;
				CLANG_WARN_INT_CONVERSION = YES;
				CLANG_WARN_NON_LITERAL_NULL_CONVERSION = YES;
				CLANG_WARN_OBJC_IMPLICIT_RETAIN_SELF = YES;
				CLANG_WARN_OBJC_LITERAL_CONVERSION = YES;
				CLANG_WARN_OBJC_ROOT_CLASS = YES_ERROR;
				CLANG_WARN_QUOTED_INCLUDE_IN_FRAMEWORK_HEADER = YES;
				CLANG_WARN_RANGE_LOOP_ANALYSIS = YES;
				CLANG_WARN_STRICT_PROTOTYPES = YES;
				CLANG_WARN_SUSPICIOUS_MOVE = YES;
				CLANG_WARN_UNGUARDED_AVAILABILITY = YES_AGGRESSIVE;
				CLANG_WARN_UNREACHABLE_CODE = YES;
				CLANG_WARN__DUPLICATE_METHOD_MATCH = YES;
				COPY_PHASE_STRIP = NO;
				DEBUG_INFORMATION_FORMAT = dwarf;
				ENABLE_STRICT_OBJC_MSGSEND = YES;
				ENABLE_TESTABILITY = YES;
				GCC_C_LANGUAGE_STANDARD = gnu11;
				GCC_DYNAMIC_NO_PIC = NO;
				GCC_NO_COMMON_BLOCKS = YES;
				GCC_OPTIMIZATION_LEVEL = 0;
				GCC_PREPROCESSOR_DEFINITIONS = (
					"DEBUG=1",
					"$(inherited)",
				);
				GCC_WARN_64_TO_32_BIT_CONVERSION = YES;
				GCC_WARN_ABOUT_RETURN_TYPE = YES_ERROR;
				GCC_WARN_UNDECLARED_SELECTOR = YES;
				GCC_WARN_UNINITIALIZED_AUTOS = YES_AGGRESSIVE;
				GCC_WARN_UNUSED_FUNCTION = YES;
				GCC_WARN_UNUSED_VARIABLE = YES;
				IPHONEOS_DEPLOYMENT_TARGET = 16.4;
				MTL_ENABLE_DEBUG_INFO = INCLUDE_SOURCE;
				MTL_FAST_MATH = YES;
				ONLY_ACTIVE_ARCH = YES;
				SDKROOT = iphoneos;
				SWIFT_ACTIVE_COMPILATION_CONDITIONS = DEBUG;
				SWIFT_OPTIMIZATION_LEVEL = "-Onone";
			};
			name = Debug;
		};
		DE44796A2B89638B004A3E66 /* Release */ = {
			isa = XCBuildConfiguration;
			buildSettings = {
				ALWAYS_SEARCH_USER_PATHS = NO;
				CLANG_ANALYZER_NONNULL = YES;
				CLANG_ANALYZER_NUMBER_OBJECT_CONVERSION = YES_AGGRESSIVE;
				CLANG_CXX_LANGUAGE_STANDARD = "gnu++20";
				CLANG_ENABLE_MODULES = YES;
				CLANG_ENABLE_OBJC_ARC = YES;
				CLANG_ENABLE_OBJC_WEAK = YES;
				CLANG_WARN_BLOCK_CAPTURE_AUTORELEASING = YES;
				CLANG_WARN_BOOL_CONVERSION = YES;
				CLANG_WARN_COMMA = YES;
				CLANG_WARN_CONSTANT_CONVERSION = YES;
				CLANG_WARN_DEPRECATED_OBJC_IMPLEMENTATIONS = YES;
				CLANG_WARN_DIRECT_OBJC_ISA_USAGE = YES_ERROR;
				CLANG_WARN_DOCUMENTATION_COMMENTS = YES;
				CLANG_WARN_EMPTY_BODY = YES;
				CLANG_WARN_ENUM_CONVERSION = YES;
				CLANG_WARN_INFINITE_RECURSION = YES;
				CLANG_WARN_INT_CONVERSION = YES;
				CLANG_WARN_NON_LITERAL_NULL_CONVERSION = YES;
				CLANG_WARN_OBJC_IMPLICIT_RETAIN_SELF = YES;
				CLANG_WARN_OBJC_LITERAL_CONVERSION = YES;
				CLANG_WARN_OBJC_ROOT_CLASS = YES_ERROR;
				CLANG_WARN_QUOTED_INCLUDE_IN_FRAMEWORK_HEADER = YES;
				CLANG_WARN_RANGE_LOOP_ANALYSIS = YES;
				CLANG_WARN_STRICT_PROTOTYPES = YES;
				CLANG_WARN_SUSPICIOUS_MOVE = YES;
				CLANG_WARN_UNGUARDED_AVAILABILITY = YES_AGGRESSIVE;
				CLANG_WARN_UNREACHABLE_CODE = YES;
				CLANG_WARN__DUPLICATE_METHOD_MATCH = YES;
				COPY_PHASE_STRIP = NO;
				DEBUG_INFORMATION_FORMAT = "dwarf-with-dsym";
				ENABLE_NS_ASSERTIONS = NO;
				ENABLE_STRICT_OBJC_MSGSEND = YES;
				GCC_C_LANGUAGE_STANDARD = gnu11;
				GCC_NO_COMMON_BLOCKS = YES;
				GCC_WARN_64_TO_32_BIT_CONVERSION = YES;
				GCC_WARN_ABOUT_RETURN_TYPE = YES_ERROR;
				GCC_WARN_UNDECLARED_SELECTOR = YES;
				GCC_WARN_UNINITIALIZED_AUTOS = YES_AGGRESSIVE;
				GCC_WARN_UNUSED_FUNCTION = YES;
				GCC_WARN_UNUSED_VARIABLE = YES;
				IPHONEOS_DEPLOYMENT_TARGET = 16.4;
				MTL_ENABLE_DEBUG_INFO = NO;
				MTL_FAST_MATH = YES;
				SDKROOT = iphoneos;
				SWIFT_COMPILATION_MODE = wholemodule;
				SWIFT_OPTIMIZATION_LEVEL = "-O";
				VALIDATE_PRODUCT = YES;
			};
			name = Release;
		};
		DE44796C2B89638B004A3E66 /* Debug */ = {
			isa = XCBuildConfiguration;
			buildSettings = {
				ASSETCATALOG_COMPILER_APPICON_NAME = AppIcon;
				ASSETCATALOG_COMPILER_GLOBAL_ACCENT_COLOR_NAME = AccentColor;
				CODE_SIGN_STYLE = Automatic;
				CURRENT_PROJECT_VERSION = 1;
				DEVELOPMENT_TEAM = 746G57X93G;
				GENERATE_INFOPLIST_FILE = YES;
				INFOPLIST_FILE = "JSAPIReferenceApp-iOS/Info.plist";
				INFOPLIST_KEY_UIApplicationSupportsIndirectInputEvents = YES;
				INFOPLIST_KEY_UILaunchStoryboardName = LaunchScreen;
				INFOPLIST_KEY_UIMainStoryboardFile = Main;
				INFOPLIST_KEY_UISupportedInterfaceOrientations_iPad = "UIInterfaceOrientationPortrait UIInterfaceOrientationPortraitUpsideDown UIInterfaceOrientationLandscapeLeft UIInterfaceOrientationLandscapeRight";
				INFOPLIST_KEY_UISupportedInterfaceOrientations_iPhone = "UIInterfaceOrientationPortrait UIInterfaceOrientationLandscapeLeft UIInterfaceOrientationLandscapeRight";
				LD_RUNPATH_SEARCH_PATHS = (
					"$(inherited)",
					"@executable_path/Frameworks",
				);
				MARKETING_VERSION = 1.0;
				PRODUCT_BUNDLE_IDENTIFIER = "com.truex.JSAPIReferenceApp-iOS";
				PRODUCT_NAME = "$(TARGET_NAME)";
				SWIFT_EMIT_LOC_STRINGS = YES;
				SWIFT_VERSION = 5.0;
				TARGETED_DEVICE_FAMILY = "1,2";
			};
			name = Debug;
		};
		DE44796D2B89638B004A3E66 /* Release */ = {
			isa = XCBuildConfiguration;
			buildSettings = {
				ASSETCATALOG_COMPILER_APPICON_NAME = AppIcon;
				ASSETCATALOG_COMPILER_GLOBAL_ACCENT_COLOR_NAME = AccentColor;
				CODE_SIGN_STYLE = Automatic;
				CURRENT_PROJECT_VERSION = 1;
				DEVELOPMENT_TEAM = 746G57X93G;
				GENERATE_INFOPLIST_FILE = YES;
				INFOPLIST_FILE = "JSAPIReferenceApp-iOS/Info.plist";
				INFOPLIST_KEY_UIApplicationSupportsIndirectInputEvents = YES;
				INFOPLIST_KEY_UILaunchStoryboardName = LaunchScreen;
				INFOPLIST_KEY_UIMainStoryboardFile = Main;
				INFOPLIST_KEY_UISupportedInterfaceOrientations_iPad = "UIInterfaceOrientationPortrait UIInterfaceOrientationPortraitUpsideDown UIInterfaceOrientationLandscapeLeft UIInterfaceOrientationLandscapeRight";
				INFOPLIST_KEY_UISupportedInterfaceOrientations_iPhone = "UIInterfaceOrientationPortrait UIInterfaceOrientationLandscapeLeft UIInterfaceOrientationLandscapeRight";
				LD_RUNPATH_SEARCH_PATHS = (
					"$(inherited)",
					"@executable_path/Frameworks",
				);
				MARKETING_VERSION = 1.0;
				PRODUCT_BUNDLE_IDENTIFIER = "com.truex.JSAPIReferenceApp-iOS";
				PRODUCT_NAME = "$(TARGET_NAME)";
				SWIFT_EMIT_LOC_STRINGS = YES;
				SWIFT_VERSION = 5.0;
				TARGETED_DEVICE_FAMILY = "1,2";
			};
			name = Release;
		};
/* End XCBuildConfiguration section */

/* Begin XCConfigurationList section */
		DE4479522B89638A004A3E66 /* Build configuration list for PBXProject "JSAPIReferenceApp-iOS" */ = {
			isa = XCConfigurationList;
			buildConfigurations = (
				DE4479692B89638B004A3E66 /* Debug */,
				DE44796A2B89638B004A3E66 /* Release */,
			);
			defaultConfigurationIsVisible = 0;
			defaultConfigurationName = Release;
		};
		DE44796B2B89638B004A3E66 /* Build configuration list for PBXNativeTarget "JSAPIReferenceApp-iOS" */ = {
			isa = XCConfigurationList;
			buildConfigurations = (
				DE44796C2B89638B004A3E66 /* Debug */,
				DE44796D2B89638B004A3E66 /* Release */,
			);
			defaultConfigurationIsVisible = 0;
			defaultConfigurationName = Release;
		};
/* End XCConfigurationList section */
	};
	rootObject = DE44794F2B89638A004A3E66 /* Project object */;
}
